// !$*UTF8*$!
{
	archiveVersion = 1;
	classes = {
	};
	objectVersion = 50;
	objects = {

/* Begin PBXBuildFile section */
		6841A1C220FD992300773A64 /* AppDelegate.swift in Sources */ = {isa = PBXBuildFile; fileRef = 6841A1C120FD992300773A64 /* AppDelegate.swift */; };
		6841A1C420FD992300773A64 /* ViewController.swift in Sources */ = {isa = PBXBuildFile; fileRef = 6841A1C320FD992300773A64 /* ViewController.swift */; };
		6841A1C720FD992300773A64 /* Main.storyboard in Resources */ = {isa = PBXBuildFile; fileRef = 6841A1C520FD992300773A64 /* Main.storyboard */; };
		6841A1C920FD992400773A64 /* Assets.xcassets in Resources */ = {isa = PBXBuildFile; fileRef = 6841A1C820FD992400773A64 /* Assets.xcassets */; };
		6841A1CC20FD992400773A64 /* LaunchScreen.storyboard in Resources */ = {isa = PBXBuildFile; fileRef = 6841A1CA20FD992400773A64 /* LaunchScreen.storyboard */; };
		6841A1D720FD992400773A64 /* DominiqueSenteza_Lab4Tests.swift in Sources */ = {isa = PBXBuildFile; fileRef = 6841A1D620FD992400773A64 /* DominiqueSenteza_Lab4Tests.swift */; };
		6841A1E220FD992400773A64 /* DominiqueSenteza_Lab4UITests.swift in Sources */ = {isa = PBXBuildFile; fileRef = 6841A1E120FD992400773A64 /* DominiqueSenteza_Lab4UITests.swift */; };
		6841A1F020FD9ECA00773A64 /* Structs.swift in Sources */ = {isa = PBXBuildFile; fileRef = 6841A1EF20FD9ECA00773A64 /* Structs.swift */; };
		6841A1F420FDC3DA00773A64 /* DetailVC.swift in Sources */ = {isa = PBXBuildFile; fileRef = 6841A1F320FDC3DA00773A64 /* DetailVC.swift */; };
		6841A1F620FDD04000773A64 /* FavoritesVC.swift in Sources */ = {isa = PBXBuildFile; fileRef = 6841A1F520FDD04000773A64 /* FavoritesVC.swift */; };
		68CCB854210029FD003D43B5 /* favs in Resources */ = {isa = PBXBuildFile; fileRef = 68CCB853210029FD003D43B5 /* favs */; };
/* End PBXBuildFile section */

/* Begin PBXContainerItemProxy section */
		6841A1D320FD992400773A64 /* PBXContainerItemProxy */ = {
			isa = PBXContainerItemProxy;
			containerPortal = 6841A1B620FD992300773A64 /* Project object */;
			proxyType = 1;
			remoteGlobalIDString = 6841A1BD20FD992300773A64;
			remoteInfo = "DominiqueSenteza-Lab4";
		};
		6841A1DE20FD992400773A64 /* PBXContainerItemProxy */ = {
			isa = PBXContainerItemProxy;
			containerPortal = 6841A1B620FD992300773A64 /* Project object */;
			proxyType = 1;
			remoteGlobalIDString = 6841A1BD20FD992300773A64;
			remoteInfo = "DominiqueSenteza-Lab4";
		};
/* End PBXContainerItemProxy section */

/* Begin PBXFileReference section */
		6841A1BE20FD992300773A64 /* DominiqueSenteza-Lab4.app */ = {isa = PBXFileReference; explicitFileType = wrapper.application; includeInIndex = 0; path = "DominiqueSenteza-Lab4.app"; sourceTree = BUILT_PRODUCTS_DIR; };
		6841A1C120FD992300773A64 /* AppDelegate.swift */ = {isa = PBXFileReference; lastKnownFileType = sourcecode.swift; path = AppDelegate.swift; sourceTree = "<group>"; };
		6841A1C320FD992300773A64 /* ViewController.swift */ = {isa = PBXFileReference; lastKnownFileType = sourcecode.swift; path = ViewController.swift; sourceTree = "<group>"; };
		6841A1C620FD992300773A64 /* Base */ = {isa = PBXFileReference; lastKnownFileType = file.storyboard; name = Base; path = Base.lproj/Main.storyboard; sourceTree = "<group>"; };
		6841A1C820FD992400773A64 /* Assets.xcassets */ = {isa = PBXFileReference; lastKnownFileType = folder.assetcatalog; path = Assets.xcassets; sourceTree = "<group>"; };
		6841A1CB20FD992400773A64 /* Base */ = {isa = PBXFileReference; lastKnownFileType = file.storyboard; name = Base; path = Base.lproj/LaunchScreen.storyboard; sourceTree = "<group>"; };
		6841A1CD20FD992400773A64 /* Info.plist */ = {isa = PBXFileReference; lastKnownFileType = text.plist.xml; path = Info.plist; sourceTree = "<group>"; };
		6841A1D220FD992400773A64 /* DominiqueSenteza-Lab4Tests.xctest */ = {isa = PBXFileReference; explicitFileType = wrapper.cfbundle; includeInIndex = 0; path = "DominiqueSenteza-Lab4Tests.xctest"; sourceTree = BUILT_PRODUCTS_DIR; };
		6841A1D620FD992400773A64 /* DominiqueSenteza_Lab4Tests.swift */ = {isa = PBXFileReference; lastKnownFileType = sourcecode.swift; path = DominiqueSenteza_Lab4Tests.swift; sourceTree = "<group>"; };
		6841A1D820FD992400773A64 /* Info.plist */ = {isa = PBXFileReference; lastKnownFileType = text.plist.xml; path = Info.plist; sourceTree = "<group>"; };
		6841A1DD20FD992400773A64 /* DominiqueSenteza-Lab4UITests.xctest */ = {isa = PBXFileReference; explicitFileType = wrapper.cfbundle; includeInIndex = 0; path = "DominiqueSenteza-Lab4UITests.xctest"; sourceTree = BUILT_PRODUCTS_DIR; };
		6841A1E120FD992400773A64 /* DominiqueSenteza_Lab4UITests.swift */ = {isa = PBXFileReference; lastKnownFileType = sourcecode.swift; path = DominiqueSenteza_Lab4UITests.swift; sourceTree = "<group>"; };
		6841A1E320FD992400773A64 /* Info.plist */ = {isa = PBXFileReference; lastKnownFileType = text.plist.xml; path = Info.plist; sourceTree = "<group>"; };
		6841A1EF20FD9ECA00773A64 /* Structs.swift */ = {isa = PBXFileReference; lastKnownFileType = sourcecode.swift; path = Structs.swift; sourceTree = "<group>"; };
		6841A1F320FDC3DA00773A64 /* DetailVC.swift */ = {isa = PBXFileReference; lastKnownFileType = sourcecode.swift; path = DetailVC.swift; sourceTree = "<group>"; };
		6841A1F520FDD04000773A64 /* FavoritesVC.swift */ = {isa = PBXFileReference; lastKnownFileType = sourcecode.swift; path = FavoritesVC.swift; sourceTree = "<group>"; };
		68CCB853210029FD003D43B5 /* favs */ = {isa = PBXFileReference; lastKnownFileType = text; path = favs; sourceTree = "<group>"; };
/* End PBXFileReference section */

/* Begin PBXFrameworksBuildPhase section */
		6841A1BB20FD992300773A64 /* Frameworks */ = {
			isa = PBXFrameworksBuildPhase;
			buildActionMask = 2147483647;
			files = (
			);
			runOnlyForDeploymentPostprocessing = 0;
		};
		6841A1CF20FD992400773A64 /* Frameworks */ = {
			isa = PBXFrameworksBuildPhase;
			buildActionMask = 2147483647;
			files = (
			);
			runOnlyForDeploymentPostprocessing = 0;
		};
		6841A1DA20FD992400773A64 /* Frameworks */ = {
			isa = PBXFrameworksBuildPhase;
			buildActionMask = 2147483647;
			files = (
			);
			runOnlyForDeploymentPostprocessing = 0;
		};
/* End PBXFrameworksBuildPhase section */

/* Begin PBXGroup section */
		6841A1B520FD992300773A64 = {
			isa = PBXGroup;
			children = (
				6841A1C020FD992300773A64 /* DominiqueSenteza-Lab4 */,
				6841A1D520FD992400773A64 /* DominiqueSenteza-Lab4Tests */,
				6841A1E020FD992400773A64 /* DominiqueSenteza-Lab4UITests */,
				6841A1BF20FD992300773A64 /* Products */,
			);
			sourceTree = "<group>";
		};
		6841A1BF20FD992300773A64 /* Products */ = {
			isa = PBXGroup;
			children = (
				6841A1BE20FD992300773A64 /* DominiqueSenteza-Lab4.app */,
				6841A1D220FD992400773A64 /* DominiqueSenteza-Lab4Tests.xctest */,
				6841A1DD20FD992400773A64 /* DominiqueSenteza-Lab4UITests.xctest */,
			);
			name = Products;
			sourceTree = "<group>";
		};
		6841A1C020FD992300773A64 /* DominiqueSenteza-Lab4 */ = {
			isa = PBXGroup;
			children = (
				6841A1C520FD992300773A64 /* Main.storyboard */,
				6841A1CA20FD992400773A64 /* LaunchScreen.storyboard */,
				6841A1C120FD992300773A64 /* AppDelegate.swift */,
				6841A1C320FD992300773A64 /* ViewController.swift */,
				6841A1F320FDC3DA00773A64 /* DetailVC.swift */,
				6841A1F520FDD04000773A64 /* FavoritesVC.swift */,
				6841A1EF20FD9ECA00773A64 /* Structs.swift */,
				6841A1CD20FD992400773A64 /* Info.plist */,
				68CCB853210029FD003D43B5 /* favs */,
				6841A1C820FD992400773A64 /* Assets.xcassets */,
			);
			path = "DominiqueSenteza-Lab4";
			sourceTree = "<group>";
		};
		6841A1D520FD992400773A64 /* DominiqueSenteza-Lab4Tests */ = {
			isa = PBXGroup;
			children = (
				6841A1D620FD992400773A64 /* DominiqueSenteza_Lab4Tests.swift */,
				6841A1D820FD992400773A64 /* Info.plist */,
			);
			path = "DominiqueSenteza-Lab4Tests";
			sourceTree = "<group>";
		};
		6841A1E020FD992400773A64 /* DominiqueSenteza-Lab4UITests */ = {
			isa = PBXGroup;
			children = (
				6841A1E120FD992400773A64 /* DominiqueSenteza_Lab4UITests.swift */,
				6841A1E320FD992400773A64 /* Info.plist */,
			);
			path = "DominiqueSenteza-Lab4UITests";
			sourceTree = "<group>";
		};
/* End PBXGroup section */

/* Begin PBXNativeTarget section */
		6841A1BD20FD992300773A64 /* DominiqueSenteza-Lab4 */ = {
			isa = PBXNativeTarget;
			buildConfigurationList = 6841A1E620FD992400773A64 /* Build configuration list for PBXNativeTarget "DominiqueSenteza-Lab4" */;
			buildPhases = (
				6841A1BA20FD992300773A64 /* Sources */,
				6841A1BB20FD992300773A64 /* Frameworks */,
				6841A1BC20FD992300773A64 /* Resources */,
			);
			buildRules = (
			);
			dependencies = (
			);
			name = "DominiqueSenteza-Lab4";
			productName = "DominiqueSenteza-Lab4";
			productReference = 6841A1BE20FD992300773A64 /* DominiqueSenteza-Lab4.app */;
			productType = "com.apple.product-type.application";
		};
		6841A1D120FD992400773A64 /* DominiqueSenteza-Lab4Tests */ = {
			isa = PBXNativeTarget;
			buildConfigurationList = 6841A1E920FD992400773A64 /* Build configuration list for PBXNativeTarget "DominiqueSenteza-Lab4Tests" */;
			buildPhases = (
				6841A1CE20FD992400773A64 /* Sources */,
				6841A1CF20FD992400773A64 /* Frameworks */,
				6841A1D020FD992400773A64 /* Resources */,
			);
			buildRules = (
			);
			dependencies = (
				6841A1D420FD992400773A64 /* PBXTargetDependency */,
			);
			name = "DominiqueSenteza-Lab4Tests";
			productName = "DominiqueSenteza-Lab4Tests";
			productReference = 6841A1D220FD992400773A64 /* DominiqueSenteza-Lab4Tests.xctest */;
			productType = "com.apple.product-type.bundle.unit-test";
		};
		6841A1DC20FD992400773A64 /* DominiqueSenteza-Lab4UITests */ = {
			isa = PBXNativeTarget;
			buildConfigurationList = 6841A1EC20FD992400773A64 /* Build configuration list for PBXNativeTarget "DominiqueSenteza-Lab4UITests" */;
			buildPhases = (
				6841A1D920FD992400773A64 /* Sources */,
				6841A1DA20FD992400773A64 /* Frameworks */,
				6841A1DB20FD992400773A64 /* Resources */,
			);
			buildRules = (
			);
			dependencies = (
				6841A1DF20FD992400773A64 /* PBXTargetDependency */,
			);
			name = "DominiqueSenteza-Lab4UITests";
			productName = "DominiqueSenteza-Lab4UITests";
			productReference = 6841A1DD20FD992400773A64 /* DominiqueSenteza-Lab4UITests.xctest */;
			productType = "com.apple.product-type.bundle.ui-testing";
		};
/* End PBXNativeTarget section */

/* Begin PBXProject section */
		6841A1B620FD992300773A64 /* Project object */ = {
			isa = PBXProject;
			attributes = {
				LastSwiftUpdateCheck = 0940;
				LastUpgradeCheck = 0940;
				ORGANIZATIONNAME = DominiqueSenteza;
				TargetAttributes = {
					6841A1BD20FD992300773A64 = {
						CreatedOnToolsVersion = 9.4;
					};
					6841A1D120FD992400773A64 = {
						CreatedOnToolsVersion = 9.4;
						TestTargetID = 6841A1BD20FD992300773A64;
					};
					6841A1DC20FD992400773A64 = {
						CreatedOnToolsVersion = 9.4;
						TestTargetID = 6841A1BD20FD992300773A64;
					};
				};
			};
			buildConfigurationList = 6841A1B920FD992300773A64 /* Build configuration list for PBXProject "DominiqueSenteza-Lab4" */;
			compatibilityVersion = "Xcode 9.3";
			developmentRegion = en;
			hasScannedForEncodings = 0;
			knownRegions = (
				en,
				Base,
			);
			mainGroup = 6841A1B520FD992300773A64;
			productRefGroup = 6841A1BF20FD992300773A64 /* Products */;
			projectDirPath = "";
			projectRoot = "";
			targets = (
				6841A1BD20FD992300773A64 /* DominiqueSenteza-Lab4 */,
				6841A1D120FD992400773A64 /* DominiqueSenteza-Lab4Tests */,
				6841A1DC20FD992400773A64 /* DominiqueSenteza-Lab4UITests */,
			);
		};
/* End PBXProject section */

/* Begin PBXResourcesBuildPhase section */
		6841A1BC20FD992300773A64 /* Resources */ = {
			isa = PBXResourcesBuildPhase;
			buildActionMask = 2147483647;
			files = (
				68CCB854210029FD003D43B5 /* favs in Resources */,
				6841A1CC20FD992400773A64 /* LaunchScreen.storyboard in Resources */,
				6841A1C920FD992400773A64 /* Assets.xcassets in Resources */,
				6841A1C720FD992300773A64 /* Main.storyboard in Resources */,
			);
			runOnlyForDeploymentPostprocessing = 0;
		};
		6841A1D020FD992400773A64 /* Resources */ = {
			isa = PBXResourcesBuildPhase;
			buildActionMask = 2147483647;
			files = (
			);
			runOnlyForDeploymentPostprocessing = 0;
		};
		6841A1DB20FD992400773A64 /* Resources */ = {
			isa = PBXResourcesBuildPhase;
			buildActionMask = 2147483647;
			files = (
			);
			runOnlyForDeploymentPostprocessing = 0;
		};
/* End PBXResourcesBuildPhase section */

/* Begin PBXSourcesBuildPhase section */
		6841A1BA20FD992300773A64 /* Sources */ = {
			isa = PBXSourcesBuildPhase;
			buildActionMask = 2147483647;
			files = (
				6841A1F620FDD04000773A64 /* FavoritesVC.swift in Sources */,
				6841A1F020FD9ECA00773A64 /* Structs.swift in Sources */,
				6841A1F420FDC3DA00773A64 /* DetailVC.swift in Sources */,
				6841A1C420FD992300773A64 /* ViewController.swift in Sources */,
				6841A1C220FD992300773A64 /* AppDelegate.swift in Sources */,
			);
			runOnlyForDeploymentPostprocessing = 0;
		};
		6841A1CE20FD992400773A64 /* Sources */ = {
			isa = PBXSourcesBuildPhase;
			buildActionMask = 2147483647;
			files = (
				6841A1D720FD992400773A64 /* DominiqueSenteza_Lab4Tests.swift in Sources */,
			);
			runOnlyForDeploymentPostprocessing = 0;
		};
		6841A1D920FD992400773A64 /* Sources */ = {
			isa = PBXSourcesBuildPhase;
			buildActionMask = 2147483647;
			files = (
				6841A1E220FD992400773A64 /* DominiqueSenteza_Lab4UITests.swift in Sources */,
			);
			runOnlyForDeploymentPostprocessing = 0;
		};
/* End PBXSourcesBuildPhase section */

/* Begin PBXTargetDependency section */
		6841A1D420FD992400773A64 /* PBXTargetDependency */ = {
			isa = PBXTargetDependency;
			target = 6841A1BD20FD992300773A64 /* DominiqueSenteza-Lab4 */;
			targetProxy = 6841A1D320FD992400773A64 /* PBXContainerItemProxy */;
		};
		6841A1DF20FD992400773A64 /* PBXTargetDependency */ = {
			isa = PBXTargetDependency;
			target = 6841A1BD20FD992300773A64 /* DominiqueSenteza-Lab4 */;
			targetProxy = 6841A1DE20FD992400773A64 /* PBXContainerItemProxy */;
		};
/* End PBXTargetDependency section */

/* Begin PBXVariantGroup section */
		6841A1C520FD992300773A64 /* Main.storyboard */ = {
			isa = PBXVariantGroup;
			children = (
				6841A1C620FD992300773A64 /* Base */,
			);
			name = Main.storyboard;
			sourceTree = "<group>";
		};
		6841A1CA20FD992400773A64 /* LaunchScreen.storyboard */ = {
			isa = PBXVariantGroup;
			children = (
				6841A1CB20FD992400773A64 /* Base */,
			);
			name = LaunchScreen.storyboard;
			sourceTree = "<group>";
		};
/* End PBXVariantGroup section */

/* Begin XCBuildConfiguration section */
		6841A1E420FD992400773A64 /* Debug */ = {
			isa = XCBuildConfiguration;
			buildSettings = {
				ALWAYS_SEARCH_USER_PATHS = NO;
				CLANG_ANALYZER_NONNULL = YES;
				CLANG_ANALYZER_NUMBER_OBJECT_CONVERSION = YES_AGGRESSIVE;
				CLANG_CXX_LANGUAGE_STANDARD = "gnu++14";
				CLANG_CXX_LIBRARY = "libc++";
				CLANG_ENABLE_MODULES = YES;
				CLANG_ENABLE_OBJC_ARC = YES;
				CLANG_ENABLE_OBJC_WEAK = YES;
				CLANG_WARN_BLOCK_CAPTURE_AUTORELEASING = YES;
				CLANG_WARN_BOOL_CONVERSION = YES;
				CLANG_WARN_COMMA = YES;
				CLANG_WARN_CONSTANT_CONVERSION = YES;
				CLANG_WARN_DEPRECATED_OBJC_IMPLEMENTATIONS = YES;
				CLANG_WARN_DIRECT_OBJC_ISA_USAGE = YES_ERROR;
				CLANG_WARN_DOCUMENTATION_COMMENTS = YES;
				CLANG_WARN_EMPTY_BODY = YES;
				CLANG_WARN_ENUM_CONVERSION = YES;
				CLANG_WARN_INFINITE_RECURSION = YES;
				CLANG_WARN_INT_CONVERSION = YES;
				CLANG_WARN_NON_LITERAL_NULL_CONVERSION = YES;
				CLANG_WARN_OBJC_IMPLICIT_RETAIN_SELF = YES;
				CLANG_WARN_OBJC_LITERAL_CONVERSION = YES;
				CLANG_WARN_OBJC_ROOT_CLASS = YES_ERROR;
				CLANG_WARN_RANGE_LOOP_ANALYSIS = YES;
				CLANG_WARN_STRICT_PROTOTYPES = YES;
				CLANG_WARN_SUSPICIOUS_MOVE = YES;
				CLANG_WARN_UNGUARDED_AVAILABILITY = YES_AGGRESSIVE;
				CLANG_WARN_UNREACHABLE_CODE = YES;
				CLANG_WARN__DUPLICATE_METHOD_MATCH = YES;
				CODE_SIGN_IDENTITY = "iPhone Developer";
				COPY_PHASE_STRIP = NO;
				DEBUG_INFORMATION_FORMAT = dwarf;
				ENABLE_STRICT_OBJC_MSGSEND = YES;
				ENABLE_TESTABILITY = YES;
				GCC_C_LANGUAGE_STANDARD = gnu11;
				GCC_DYNAMIC_NO_PIC = NO;
				GCC_NO_COMMON_BLOCKS = YES;
				GCC_OPTIMIZATION_LEVEL = 0;
				GCC_PREPROCESSOR_DEFINITIONS = (
					"DEBUG=1",
					"$(inherited)",
				);
				GCC_WARN_64_TO_32_BIT_CONVERSION = YES;
				GCC_WARN_ABOUT_RETURN_TYPE = YES_ERROR;
				GCC_WARN_UNDECLARED_SELECTOR = YES;
				GCC_WARN_UNINITIALIZED_AUTOS = YES_AGGRESSIVE;
				GCC_WARN_UNUSED_FUNCTION = YES;
				GCC_WARN_UNUSED_VARIABLE = YES;
				IPHONEOS_DEPLOYMENT_TARGET = 11.4;
				MTL_ENABLE_DEBUG_INFO = YES;
				ONLY_ACTIVE_ARCH = YES;
				SDKROOT = iphoneos;
				SWIFT_ACTIVE_COMPILATION_CONDITIONS = DEBUG;
				SWIFT_OPTIMIZATION_LEVEL = "-Onone";
			};
			name = Debug;
		};
		6841A1E520FD992400773A64 /* Release */ = {
			isa = XCBuildConfiguration;
			buildSettings = {
				ALWAYS_SEARCH_USER_PATHS = NO;
				CLANG_ANALYZER_NONNULL = YES;
				CLANG_ANALYZER_NUMBER_OBJECT_CONVERSION = YES_AGGRESSIVE;
				CLANG_CXX_LANGUAGE_STANDARD = "gnu++14";
				CLANG_CXX_LIBRARY = "libc++";
				CLANG_ENABLE_MODULES = YES;
				CLANG_ENABLE_OBJC_ARC = YES;
				CLANG_ENABLE_OBJC_WEAK = YES;
				CLANG_WARN_BLOCK_CAPTURE_AUTORELEASING = YES;
				CLANG_WARN_BOOL_CONVERSION = YES;
				CLANG_WARN_COMMA = YES;
				CLANG_WARN_CONSTANT_CONVERSION = YES;
				CLANG_WARN_DEPRECATED_OBJC_IMPLEMENTATIONS = YES;
				CLANG_WARN_DIRECT_OBJC_ISA_USAGE = YES_ERROR;
				CLANG_WARN_DOCUMENTATION_COMMENTS = YES;
				CLANG_WARN_EMPTY_BODY = YES;
				CLANG_WARN_ENUM_CONVERSION = YES;
				CLANG_WARN_INFINITE_RECURSION = YES;
				CLANG_WARN_INT_CONVERSION = YES;
				CLANG_WARN_NON_LITERAL_NULL_CONVERSION = YES;
				CLANG_WARN_OBJC_IMPLICIT_RETAIN_SELF = YES;
				CLANG_WARN_OBJC_LITERAL_CONVERSION = YES;
				CLANG_WARN_OBJC_ROOT_CLASS = YES_ERROR;
				CLANG_WARN_RANGE_LOOP_ANALYSIS = YES;
				CLANG_WARN_STRICT_PROTOTYPES = YES;
				CLANG_WARN_SUSPICIOUS_MOVE = YES;
				CLANG_WARN_UNGUARDED_AVAILABILITY = YES_AGGRESSIVE;
				CLANG_WARN_UNREACHABLE_CODE = YES;
				CLANG_WARN__DUPLICATE_METHOD_MATCH = YES;
				CODE_SIGN_IDENTITY = "iPhone Developer";
				COPY_PHASE_STRIP = NO;
				DEBUG_INFORMATION_FORMAT = "dwarf-with-dsym";
				ENABLE_NS_ASSERTIONS = NO;
				ENABLE_STRICT_OBJC_MSGSEND = YES;
				GCC_C_LANGUAGE_STANDARD = gnu11;
				GCC_NO_COMMON_BLOCKS = YES;
				GCC_WARN_64_TO_32_BIT_CONVERSION = YES;
				GCC_WARN_ABOUT_RETURN_TYPE = YES_ERROR;
				GCC_WARN_UNDECLARED_SELECTOR = YES;
				GCC_WARN_UNINITIALIZED_AUTOS = YES_AGGRESSIVE;
				GCC_WARN_UNUSED_FUNCTION = YES;
				GCC_WARN_UNUSED_VARIABLE = YES;
				IPHONEOS_DEPLOYMENT_TARGET = 11.4;
				MTL_ENABLE_DEBUG_INFO = NO;
				SDKROOT = iphoneos;
				SWIFT_COMPILATION_MODE = wholemodule;
				SWIFT_OPTIMIZATION_LEVEL = "-O";
				VALIDATE_PRODUCT = YES;
			};
			name = Release;
		};
		6841A1E720FD992400773A64 /* Debug */ = {
			isa = XCBuildConfiguration;
			buildSettings = {
				ASSETCATALOG_COMPILER_APPICON_NAME = AppIcon;
				CODE_SIGN_STYLE = Automatic;
				INFOPLIST_FILE = "DominiqueSenteza-Lab4/Info.plist";
				LD_RUNPATH_SEARCH_PATHS = (
					"$(inherited)",
					"@executable_path/Frameworks",
				);
				PRODUCT_BUNDLE_IDENTIFIER = "DominiqueSenteza.DominiqueSenteza-Lab4";
				PRODUCT_NAME = "$(TARGET_NAME)";
				SWIFT_VERSION = 4.0;
				TARGETED_DEVICE_FAMILY = "1,2";
			};
			name = Debug;
		};
		6841A1E820FD992400773A64 /* Release */ = {
			isa = XCBuildConfiguration;
			buildSettings = {
				ASSETCATALOG_COMPILER_APPICON_NAME = AppIcon;
				CODE_SIGN_STYLE = Automatic;
				INFOPLIST_FILE = "DominiqueSenteza-Lab4/Info.plist";
				LD_RUNPATH_SEARCH_PATHS = (
					"$(inherited)",
					"@executable_path/Frameworks",
				);
				PRODUCT_BUNDLE_IDENTIFIER = "DominiqueSenteza.DominiqueSenteza-Lab4";
				PRODUCT_NAME = "$(TARGET_NAME)";
				SWIFT_VERSION = 4.0;
				TARGETED_DEVICE_FAMILY = "1,2";
			};
			name = Release;
		};
		6841A1EA20FD992400773A64 /* Debug */ = {
			isa = XCBuildConfiguration;
			buildSettings = {
				ALWAYS_EMBED_SWIFT_STANDARD_LIBRARIES = YES;
				BUNDLE_LOADER = "$(TEST_HOST)";
				CODE_SIGN_STYLE = Automatic;
				INFOPLIST_FILE = "DominiqueSenteza-Lab4Tests/Info.plist";
				LD_RUNPATH_SEARCH_PATHS = (
					"$(inherited)",
					"@executable_path/Frameworks",
					"@loader_path/Frameworks",
				);
				PRODUCT_BUNDLE_IDENTIFIER = "DominiqueSenteza.DominiqueSenteza-Lab4Tests";
				PRODUCT_NAME = "$(TARGET_NAME)";
				SWIFT_VERSION = 4.0;
				TARGETED_DEVICE_FAMILY = "1,2";
				TEST_HOST = "$(BUILT_PRODUCTS_DIR)/DominiqueSenteza-Lab4.app/DominiqueSenteza-Lab4";
			};
			name = Debug;
		};
		6841A1EB20FD992400773A64 /* Release */ = {
			isa = XCBuildConfiguration;
			buildSettings = {
				ALWAYS_EMBED_SWIFT_STANDARD_LIBRARIES = YES;
				BUNDLE_LOADER = "$(TEST_HOST)";
				CODE_SIGN_STYLE = Automatic;
				INFOPLIST_FILE = "DominiqueSenteza-Lab4Tests/Info.plist";
				LD_RUNPATH_SEARCH_PATHS = (
					"$(inherited)",
					"@executable_path/Frameworks",
					"@loader_path/Frameworks",
				);
				PRODUCT_BUNDLE_IDENTIFIER = "DominiqueSenteza.DominiqueSenteza-Lab4Tests";
				PRODUCT_NAME = "$(TARGET_NAME)";
				SWIFT_VERSION = 4.0;
				TARGETED_DEVICE_FAMILY = "1,2";
				TEST_HOST = "$(BUILT_PRODUCTS_DIR)/DominiqueSenteza-Lab4.app/DominiqueSenteza-Lab4";
			};
			name = Release;
		};
		6841A1ED20FD992400773A64 /* Debug */ = {
			isa = XCBuildConfiguration;
			buildSettings = {
				ALWAYS_EMBED_SWIFT_STANDARD_LIBRARIES = YES;
				CODE_SIGN_STYLE = Automatic;
				INFOPLIST_FILE = "DominiqueSenteza-Lab4UITests/Info.plist";
				LD_RUNPATH_SEARCH_PATHS = (
					"$(inherited)",
					"@executable_path/Frameworks",
					"@loader_path/Frameworks",
				);
				PRODUCT_BUNDLE_IDENTIFIER = "DominiqueSenteza.DominiqueSenteza-Lab4UITests";
				PRODUCT_NAME = "$(TARGET_NAME)";
				SWIFT_VERSION = 4.0;
				TARGETED_DEVICE_FAMILY = "1,2";
				TEST_TARGET_NAME = "DominiqueSenteza-Lab4";
			};
			name = Debug;
		};
		6841A1EE20FD992400773A64 /* Release */ = {
			isa = XCBuildConfiguration;
			buildSettings = {
				ALWAYS_EMBED_SWIFT_STANDARD_LIBRARIES = YES;
				CODE_SIGN_STYLE = Automatic;
				INFOPLIST_FILE = "DominiqueSenteza-Lab4UITests/Info.plist";
				LD_RUNPATH_SEARCH_PATHS = (
					"$(inherited)",
					"@executable_path/Frameworks",
					"@loader_path/Frameworks",
				);
				PRODUCT_BUNDLE_IDENTIFIER = "DominiqueSenteza.DominiqueSenteza-Lab4UITests";
				PRODUCT_NAME = "$(TARGET_NAME)";
				SWIFT_VERSION = 4.0;
				TARGETED_DEVICE_FAMILY = "1,2";
				TEST_TARGET_NAME = "DominiqueSenteza-Lab4";
			};
			name = Release;
		};
/* End XCBuildConfiguration section */

/* Begin XCConfigurationList section */
		6841A1B920FD992300773A64 /* Build configuration list for PBXProject "DominiqueSenteza-Lab4" */ = {
			isa = XCConfigurationList;
			buildConfigurations = (
				6841A1E420FD992400773A64 /* Debug */,
				6841A1E520FD992400773A64 /* Release */,
			);
			defaultConfigurationIsVisible = 0;
			defaultConfigurationName = Release;
		};
		6841A1E620FD992400773A64 /* Build configuration list for PBXNativeTarget "DominiqueSenteza-Lab4" */ = {
			isa = XCConfigurationList;
			buildConfigurations = (
				6841A1E720FD992400773A64 /* Debug */,
				6841A1E820FD992400773A64 /* Release */,
			);
			defaultConfigurationIsVisible = 0;
			defaultConfigurationName = Release;
		};
		6841A1E920FD992400773A64 /* Build configuration list for PBXNativeTarget "DominiqueSenteza-Lab4Tests" */ = {
			isa = XCConfigurationList;
			buildConfigurations = (
				6841A1EA20FD992400773A64 /* Debug */,
				6841A1EB20FD992400773A64 /* Release */,
			);
			defaultConfigurationIsVisible = 0;
			defaultConfigurationName = Release;
		};
		6841A1EC20FD992400773A64 /* Build configuration list for PBXNativeTarget "DominiqueSenteza-Lab4UITests" */ = {
			isa = XCConfigurationList;
			buildConfigurations = (
				6841A1ED20FD992400773A64 /* Debug */,
				6841A1EE20FD992400773A64 /* Release */,
			);
			defaultConfigurationIsVisible = 0;
			defaultConfigurationName = Release;
		};
/* End XCConfigurationList section */
	};
	rootObject = 6841A1B620FD992300773A64 /* Project object */;
}
